{
  "version": 2,
  "dependencies": {
    "net8.0": {
      "CommandLineParser": {
        "type": "Direct",
        "requested": "[2.9.1, )",
        "resolved": "2.9.1",
        "contentHash": "OE0sl1/sQ37bjVsPKKtwQlWDgqaxWgtme3xZz7JssWUzg5JpMIyHgCTY9MVMxOg48fJ1AgGT3tgdH5m/kQ5xhA=="
      },
      "Microsoft.Extensions.Configuration.Binder": {
        "type": "Direct",
        "requested": "[9.0.8, )",
        "resolved": "9.0.8",
        "contentHash": "0vK9DnYrYChdiH3yRZWkkp4x4LbrfkWEdBc5HOsQ8t/0CLOWKXKkkhOE8A1shlex0hGydbGrhObeypxz/QTm+w==",
        "dependencies": {
          "Microsoft.Extensions.Configuration.Abstractions": "9.0.8"
        }
      },
      "Microsoft.Extensions.Logging.Console": {
        "type": "Direct",
        "requested": "[9.0.9, )",
        "resolved": "9.0.9",
        "contentHash": "x3+W7IfW9Tg3sV+sU9N1039M4CqklaAecwhz9qNtjOCBdmg7h96JaL+NAvhYgZgweVJTJaxAvuO8I+ZZehE7Pg==",
        "dependencies": {
          "Microsoft.Extensions.DependencyInjection.Abstractions": "9.0.9",
          "Microsoft.Extensions.Logging": "9.0.9",
          "Microsoft.Extensions.Logging.Abstractions": "9.0.9",
          "Microsoft.Extensions.Logging.Configuration": "9.0.9",
          "Microsoft.Extensions.Options": "9.0.9",
          "System.Text.Json": "9.0.9"
        }
      },
      "Microsoft.Extensions.Options.ConfigurationExtensions": {
        "type": "Direct",
        "requested": "[9.0.8, )",
        "resolved": "9.0.8",
        "contentHash": "eW2s6n06x0w6w4nsX+SvpgsFYkl+Y0CttYAt6DKUXeqprX+hzNqjSfOh637fwNJBg7wRBrOIRHe49gKiTgJxzQ==",
        "dependencies": {
          "Microsoft.Extensions.Configuration.Abstractions": "9.0.8",
          "Microsoft.Extensions.Configuration.Binder": "9.0.8",
          "Microsoft.Extensions.DependencyInjection.Abstractions": "9.0.8",
          "Microsoft.Extensions.Options": "9.0.8",
          "Microsoft.Extensions.Primitives": "9.0.8"
        }
      },
      "Azure.Core": {
        "type": "Transitive",
        "resolved": "1.46.2",
        "contentHash": "HFcvd1besmgBFPIZ7iSFHZOgzGfHTZNTzG8gWYdIP8ZJQySrb+vAdArcmFw7je3kFRMDbbtMoWKNVGj2vvH1sw==",
        "dependencies": {
          "Microsoft.Bcl.AsyncInterfaces": "8.0.0",
          "System.ClientModel": "1.4.2",
          "System.Memory.Data": "6.0.1"
        }
      },
      "Microsoft.Bcl.AsyncInterfaces": {
        "type": "Transitive",
        "resolved": "8.0.0",
        "contentHash": "3WA9q9yVqJp222P3x1wYIGDAkpjAku0TMUaaQV22g6L67AI0LdOIrVS7Ht2vJfLHGSPVuqN94vIr15qn+HEkHw=="
      },
      "Microsoft.Extensions.Configuration.Abstractions": {
        "type": "Transitive",
        "resolved": "9.0.9",
        "contentHash": "p5RKAY9POvs3axwA/AQRuJeM8AHuE8h4qbP1NxQeGm0ep46aXz1oCLAp/oOYxX1GsjStgdhHrN3XXLLXr0+b3w==",
        "dependencies": {
          "Microsoft.Extensions.Primitives": "9.0.9"
        }
      },
      "Microsoft.Extensions.DependencyInjection": {
        "type": "Transitive",
        "resolved": "9.0.9",
        "contentHash": "zQV2WOSP+3z1EuK91ULxfGgo2Y75bTRnmJHp08+w/YXAyekZutX/qCd88/HOMNh35MDW9mJJJxPpMPS+1Rww8A==",
        "dependencies": {
          "Microsoft.Extensions.DependencyInjection.Abstractions": "9.0.9"
        }
      },
      "Microsoft.Extensions.Logging.Configuration": {
        "type": "Transitive",
        "resolved": "9.0.9",
        "contentHash": "Abuo+S0Sg+Ke6vzSh5Ell+lwJJM+CEIqg1ImtWnnqF6a/ibJkQnmFJi4/ekEw/0uAcdFKJXtGV7w6cFN0nyXeg==",
        "dependencies": {
          "Microsoft.Extensions.Configuration": "9.0.9",
          "Microsoft.Extensions.Configuration.Abstractions": "9.0.9",
          "Microsoft.Extensions.Configuration.Binder": "9.0.9",
          "Microsoft.Extensions.DependencyInjection.Abstractions": "9.0.9",
          "Microsoft.Extensions.Logging": "9.0.9",
          "Microsoft.Extensions.Logging.Abstractions": "9.0.9",
          "Microsoft.Extensions.Options": "9.0.9",
          "Microsoft.Extensions.Options.ConfigurationExtensions": "9.0.9"
        }
      },
      "System.ClientModel": {
        "type": "Transitive",
        "resolved": "1.4.2",
        "contentHash": "goGitN7trB9hoQ01dIpxaSYcruI+lGt/xq471AUv8irFvsIX+4HCqk1pDT/4ZPTLmU6ZUuNzhCb4MJAIwG7+Uw==",
        "dependencies": {
          "Microsoft.Extensions.Logging.Abstractions": "8.0.3",
          "System.Memory.Data": "6.0.1"
        }
      },
      "System.Diagnostics.DiagnosticSource": {
        "type": "Transitive",
        "resolved": "9.0.9",
        "contentHash": "8hy61dsFYYSDjT9iTAfygGMU3A0EAnG69x5FUXeKsCjMhBmtTBt4UMUEW3ipprFoorOW6Jw/7hDMjXtlrsOvVQ=="
      },
      "System.IO.Pipelines": {
        "type": "Transitive",
        "resolved": "9.0.9",
        "contentHash": "VySjpsCLprojvat550Flrm3NQB982CPuDzILajqjQihFmrQXZPdQyktIbcpVPJyaExFYtAfY1DpwMdWQuS0kbw=="
      },
      "System.Memory.Data": {
        "type": "Transitive",
        "resolved": "6.0.1",
        "contentHash": "yliDgLh9S9Mcy5hBIdZmX6yphYIW3NH+3HN1kV1m7V1e0s7LNTw/tHNjJP4U9nSMEgl3w1TzYv/KA1Tg9NYy6w=="
      },
      "System.Text.Encodings.Web": {
        "type": "Transitive",
        "resolved": "9.0.9",
        "contentHash": "bzYTmAcmfelUOCBxvbgsfSr2tq94ydA2gJZAxZRcuNa0LlmlVz8JNHst6RG1qsDujyVYT4vjv06y8sCLbvCXdg=="
      },
      "platform.infrastructure": {
        "type": "Project"
      },
      "platform.search.resources": {
        "type": "Project",
        "dependencies": {
          "Azure.Search.Documents": "[11.6.1, )",
          "Microsoft.Extensions.Logging.Abstractions": "[9.0.8, )",
          "Microsoft.Extensions.Options": "[9.0.8, )",
          "Platform.Infrastructure": "[1.0.0, )",
          "System.Linq.Async": "[6.0.3, )"
        }
      },
      "Azure.Search.Documents": {
        "type": "CentralTransitive",
        "requested": "[11.6.1, )",
        "resolved": "11.6.1",
        "contentHash": "dO6v3z0Joa8nqYgNHxO1HK1njIlTLB0mKt1/TmaNlb36dET08lsJ2HdSJGacoKRqdy4ASwoc0Y5kxrAVOkrKUQ==",
        "dependencies": {
          "Azure.Core": "1.46.2"
        }
      },
      "Microsoft.Extensions.Configuration": {
        "type": "CentralTransitive",
        "requested": "[8.0.0, )",
        "resolved": "9.0.9",
        "contentHash": "w87wF/90/VI0ZQBhf4rbMEeyEy0vi2WKjFmACsNAKNaorY+ZlVz7ddyXkbADvaWouMKffNmR0yQOGcrvSSvKGg==",
        "dependencies": {
          "Microsoft.Extensions.Configuration.Abstractions": "9.0.9",
          "Microsoft.Extensions.Primitives": "9.0.9"
        }
      },
      "Microsoft.Extensions.DependencyInjection.Abstractions": {
        "type": "CentralTransitive",
        "requested": "[9.0.8, )",
        "resolved": "9.0.9",
        "contentHash": "/hymojfWbE9AlDOa0mczR44m00Jj+T3+HZO0ZnVTI032fVycI0ZbNOVFP6kqZMcXiLSYXzR2ilcwaRi6dzeGyA=="
      },
      "Microsoft.Extensions.Logging": {
        "type": "CentralTransitive",
        "requested": "[8.0.0, )",
        "resolved": "9.0.9",
        "contentHash": "MaCB0Y9hNDs4YLu3HCJbo199WnJT8xSgajG1JYGANz9FkseQ5f3v/llu3HxLI6mjDlu7pa7ps9BLPWjKzsAAzQ==",
        "dependencies": {
          "Microsoft.Extensions.DependencyInjection": "9.0.9",
          "Microsoft.Extensions.Logging.Abstractions": "9.0.9",
          "Microsoft.Extensions.Options": "9.0.9"
        }
      },
      "Microsoft.Extensions.Logging.Abstractions": {
        "type": "CentralTransitive",
        "requested": "[9.0.8, )",
        "resolved": "9.0.9",
        "contentHash": "FEgpSF+Z9StMvrsSViaybOBwR0f0ZZxDm8xV5cSOFiXN/t+ys+rwAlTd/6yG7Ld1gfppgvLcMasZry3GsI9lGA==",
        "dependencies": {
          "Microsoft.Extensions.DependencyInjection.Abstractions": "9.0.9",
          "System.Diagnostics.DiagnosticSource": "9.0.9"
        }
      },
      "Microsoft.Extensions.Options": {
        "type": "CentralTransitive",
        "requested": "[9.0.8, )",
        "resolved": "9.0.9",
        "contentHash": "loxGGHE1FC2AefwPHzrjPq7X92LQm64qnU/whKfo6oWaceewPUVYQJBJs3S3E2qlWwnCpeZ+dGCPTX+5dgVAuQ==",
        "dependencies": {
          "Microsoft.Extensions.DependencyInjection.Abstractions": "9.0.9",
          "Microsoft.Extensions.Primitives": "9.0.9"
        }
      },
      "Microsoft.Extensions.Primitives": {
        "type": "CentralTransitive",
        "requested": "[9.0.8, )",
        "resolved": "9.0.9",
        "contentHash": "z4pyMePOrl733ltTowbN565PxBw1oAr8IHmIXNDiDqd22nFpYltX9KhrNC/qBWAG1/Zx5MHX+cOYhWJQYCO/iw=="
      },
      "System.Linq.Async": {
        "type": "CentralTransitive",
        "requested": "[6.0.3, )",
        "resolved": "6.0.3",
        "contentHash": "hSHiq2m1ky7zUQgTp+/2h1K3lABIQ+GltRixoclHPg/Sc1vnfeS6g/Uy5moOVZKrZJdQiFPFZd6OobBp3tZcFg=="
      },
      "System.Text.Json": {
        "type": "CentralTransitive",
        "requested": "[8.0.4, )",
        "resolved": "9.0.9",
        "contentHash": "NEnpppwq67fRz/OvQRxsEMgetDJsxlxpEsAFO/4PZYbAyAMd4Ol6KS7phc8uDoKPsnbdzRLKobpX303uQwCqdg==",
        "dependencies": {
          "System.IO.Pipelines": "9.0.9",
          "System.Text.Encodings.Web": "9.0.9"
        }
      }
    }
  }
}