{
  "version": 2,
  "dependencies": {
    "net8.0": {
      "Deque.AxeCore.Playwright": {
        "type": "Direct",
        "requested": "[4.11.1, )",
        "resolved": "4.11.1",
        "contentHash": "MG+gAOkTSc1D4Ep1Y6zQ5Qvo0lNt9c5ZatH5J/bQQlXOMWH7ZoyegDiB6KSJ1hGnvfMO1LI0J0pvO084IyRrww==",
        "dependencies": {
          "Deque.AxeCore.Commons": "4.11.1",
          "Microsoft.Playwright": "1.20.2",
          "System.IO.Abstractions": "17.0.24"
        }
      },
      "Microsoft.Extensions.Configuration": {
        "type": "Direct",
        "requested": "[10.0.5, )",
        "resolved": "10.0.5",
        "contentHash": "8Rx5sqg04FttxrumyG6bmoRuFRgYzK6IVwF1i0/o0cXfKBdDeVpJejKHtJCMjyg9E/DNMVqpqOGe/tCT5gYvVA==",
        "dependencies": {
          "Microsoft.Extensions.Configuration.Abstractions": "10.0.5",
          "Microsoft.Extensions.Primitives": "10.0.5"
        }
      },
      "Microsoft.Extensions.Configuration.Binder": {
        "type": "Direct",
        "requested": "[10.0.5, )",
        "resolved": "10.0.5",
        "contentHash": "99Z4rjyXopb1MIazDSPcvwYCUdYNO01Cf1GUs2WUjIFAbkGmwzj2vPa2k+3pheJRV+YgNd2QqRKHAri0oBAU4Q==",
        "dependencies": {
          "Microsoft.Extensions.Configuration": "10.0.5",
          "Microsoft.Extensions.Configuration.Abstractions": "10.0.5"
        }
      },
      "Microsoft.Extensions.Configuration.Json": {
        "type": "Direct",
        "requested": "[10.0.4, )",
        "resolved": "10.0.4",
        "contentHash": "gn2Rf0dvIa6Sz/WJ5cNHhG/oUOT1yrHXd7Q0vCpXDlLsMuRqv9G5NBXFJbSh/ZRzSbvbOQWMV0amQS/3N0Fzzg==",
        "dependencies": {
          "Microsoft.Extensions.Configuration": "10.0.4",
          "Microsoft.Extensions.Configuration.Abstractions": "10.0.4",
          "Microsoft.Extensions.Configuration.FileExtensions": "10.0.4",
          "Microsoft.Extensions.FileProviders.Abstractions": "10.0.4",
          "System.Text.Json": "10.0.4"
        }
      },
      "Microsoft.NET.Test.Sdk": {
        "type": "Direct",
        "requested": "[18.3.0, )",
        "resolved": "18.3.0",
        "contentHash": "xW3kXuWRQtgoxJp4J+gdhHSQyK+6Wb/AZDSd7lMvuMRYlZ1tnpkojyfZlWilB5G4dmZ0Y0ZxU/M23TlubndNkw==",
        "dependencies": {
          "Microsoft.CodeCoverage": "18.3.0",
          "Microsoft.TestPlatform.TestHost": "18.3.0"
        }
      },
      "Microsoft.Playwright": {
        "type": "Direct",
        "requested": "[1.58.0, )",
        "resolved": "1.58.0",
        "contentHash": "LYLB00NUTzdY3NEN+fOQcxNuVALoGJMMWZYQINGBs4MfsKcTvr6WKoAmSsT5D4pPOOnN8uAyushEzoQ8qUEb0w==",
        "dependencies": {
          "Microsoft.Bcl.AsyncInterfaces": "6.0.0",
          "System.ComponentModel.Annotations": "5.0.0",
          "System.Text.Json": "6.0.10"
        }
      },
      "Newtonsoft.Json": {
        "type": "Direct",
        "requested": "[13.0.4, )",
        "resolved": "13.0.4",
        "contentHash": "pdgNNMai3zv51W5aq268sujXUyx7SNdE2bj1wZcWjAQrKMFZV260lbqYop1d2GM67JI1huLRwxo9ZqnfF/lC6A=="
      },
      "xunit": {
        "type": "Direct",
        "requested": "[2.9.3, )",
        "resolved": "2.9.3",
        "contentHash": "TlXQBinK35LpOPKHAqbLY4xlEen9TBafjs0V5KnA4wZsoQLQJiirCR4CbIXvOH8NzkW4YeJKP5P/Bnrodm0h9Q==",
        "dependencies": {
          "xunit.analyzers": "1.18.0",
          "xunit.assert": "2.9.3",
          "xunit.core": "[2.9.3]"
        }
      },
      "xunit.abstractions": {
        "type": "Direct",
        "requested": "[2.0.3, )",
        "resolved": "2.0.3",
        "contentHash": "pot1I4YOxlWjIb5jmwvvQNbTrZ3lJQ+jUGkGjWE3hEFM0l5gOnBWS+H3qsex68s5cO52g+44vpGzhAt+42vwKg=="
      },
      "xunit.assert": {
        "type": "Direct",
        "requested": "[2.9.3, )",
        "resolved": "2.9.3",
        "contentHash": "/Kq28fCE7MjOV42YLVRAJzRF0WmEqsmflm0cfpMjGtzQ2lR5mYVj1/i0Y8uDAOLczkL3/jArrwehfMD0YogMAA=="
      },
      "xunit.runner.visualstudio": {
        "type": "Direct",
        "requested": "[3.1.5, )",
        "resolved": "3.1.5",
        "contentHash": "tKi7dSTwP4m5m9eXPM2Ime4Kn7xNf4x4zT9sdLO/G4hZVnQCRiMTWoSZqI/pYTVeI27oPPqHBKYI/DjJ9GsYgA=="
      },
      "Deque.AxeCore.Commons": {
        "type": "Transitive",
        "resolved": "4.11.1",
        "contentHash": "idH7E52snMRJ3M1FpFcm+OKB0HGC6UrOX3zdWSM2s9D3Cj2De/B0tlby+VvbzDd0LWeSLU3CUWY2OSyAe5T51Q==",
        "dependencies": {
          "NewtonSoft.Json": "13.0.1"
        }
      },
      "Microsoft.Bcl.AsyncInterfaces": {
        "type": "Transitive",
        "resolved": "6.0.0",
        "contentHash": "UcSjPsst+DfAdJGVDsu346FX0ci0ah+lw3WRtn18NUwEqRt70HaOQ7lI72vy3+1LxtqI3T5GWwV39rQSrCzAeg=="
      },
      "Microsoft.CodeCoverage": {
        "type": "Transitive",
        "resolved": "18.3.0",
        "contentHash": "23BNy/vziREC20Wwhb50K7+kZe0m07KlLWDQv4qjJ9tt3QjpDpDIqJFrhYHmMEo9xDkuSp55U/8h4bMF7MiB+g=="
      },
      "Microsoft.Extensions.Configuration.Abstractions": {
        "type": "Transitive",
        "resolved": "10.0.5",
        "contentHash": "P09QpTHjqHmCLQOTC+WyLkoRNxek4NIvfWt+TnU0etoDUSRxcltyd6+j/ouRbMdLR0j44GqGO+lhI2M4fAHG4g==",
        "dependencies": {
          "Microsoft.Extensions.Primitives": "10.0.5"
        }
      },
      "Microsoft.Extensions.Configuration.FileExtensions": {
        "type": "Transitive",
        "resolved": "10.0.4",
        "contentHash": "LD4T4s2uW2kZUkwGc4A9KK5o3wfkgySHKEiYqV0NXeNdeLN563NgNqDpi3DNXAdrt2TwU0rK7QMPdWLLIaMipA==",
        "dependencies": {
          "Microsoft.Extensions.Configuration": "10.0.4",
          "Microsoft.Extensions.Configuration.Abstractions": "10.0.4",
          "Microsoft.Extensions.FileProviders.Abstractions": "10.0.4",
          "Microsoft.Extensions.FileProviders.Physical": "10.0.4",
          "Microsoft.Extensions.Primitives": "10.0.4"
        }
      },
      "Microsoft.Extensions.FileProviders.Abstractions": {
        "type": "Transitive",
        "resolved": "10.0.4",
        "contentHash": "3hLXFZ1E/Kj3obIcb9iMCC95MpW2e8EkWxpXKgUfgGBfm+yn507pHAjPaHoi2U3GlSHIm/21DPCDLumwlMowjw==",
        "dependencies": {
          "Microsoft.Extensions.Primitives": "10.0.4"
        }
      },
      "Microsoft.Extensions.FileProviders.Physical": {
        "type": "Transitive",
        "resolved": "10.0.4",
        "contentHash": "gVVHdOFwlnXmTtx41e2aGfcFXX+8+9DPkOzEqQuHN8rOv+6RQWs/wfeQLaosOt3CQLKNoCaFmHopTtGB9PB5fg==",
        "dependencies": {
          "Microsoft.Extensions.FileProviders.Abstractions": "10.0.4",
          "Microsoft.Extensions.FileSystemGlobbing": "10.0.4",
          "Microsoft.Extensions.Primitives": "10.0.4"
        }
      },
      "Microsoft.Extensions.FileSystemGlobbing": {
        "type": "Transitive",
        "resolved": "10.0.4",
        "contentHash": "eCEFVuuZL++SqMcdB5i4KA16GvcxCzdKKK+clapXYyGMkhd4BxwZi2/vGzo8s7a8Vi0BA78p5u/NScgOP1pzTg=="
      },
      "Microsoft.Extensions.Primitives": {
        "type": "Transitive",
        "resolved": "10.0.5",
        "contentHash": "/HUHJ0tw/LQvD0DZrz50eQy/3z7PfX7WWEaXnjKTV9/TNdcgFlNTZGo49QhS7PTmhDqMyHRMqAXSBxLh0vso4g=="
      },
      "Microsoft.TestPlatform.ObjectModel": {
        "type": "Transitive",
        "resolved": "18.3.0",
        "contentHash": "AEIEX2aWdPO9XbtR96eBaJxmXRD9vaI9uQ1T/JbPEKlTAZwYx0ZrMzKyULMdh/HH9Sg03kXCoN7LszQ90o6nPQ==",
        "dependencies": {
          "System.Reflection.Metadata": "8.0.0"
        }
      },
      "Microsoft.TestPlatform.TestHost": {
        "type": "Transitive",
        "resolved": "18.3.0",
        "contentHash": "twmsoelXnp1uWMU3VGip9f0Jr1mZ0PZqgJdF35CIrdYgYrkHIJMV1m8uKyhcdjLdsQDESHAgkR7KhS9i1qpJag==",
        "dependencies": {
          "Microsoft.TestPlatform.ObjectModel": "18.3.0",
          "Newtonsoft.Json": "13.0.3"
        }
      },
      "System.Collections.Immutable": {
        "type": "Transitive",
        "resolved": "8.0.0",
        "contentHash": "AurL6Y5BA1WotzlEvVaIDpqzpIPvYnnldxru8oXJU2yFxFUy3+pNXjXd1ymO+RA0rq0+590Q8gaz2l3Sr7fmqg=="
      },
      "System.ComponentModel.Annotations": {
        "type": "Transitive",
        "resolved": "5.0.0",
        "contentHash": "dMkqfy2el8A8/I76n2Hi1oBFEbG1SfxD2l5nhwXV3XjlnOmwxJlQbYpJH4W51odnU9sARCSAgv7S3CyAFMkpYg=="
      },
      "System.IO.Abstractions": {
        "type": "Transitive",
        "resolved": "17.0.24",
        "contentHash": "hA7bacntMiZv1Yf9xtjwl/GP3GT1mG84QxhAk7ijAUD0pJhJaVVwXScE13vMpXnNtlaRDW6SeyZdWg2j2qrh4w=="
      },
      "System.IO.Pipelines": {
        "type": "Transitive",
        "resolved": "10.0.4",
        "contentHash": "V7+RO17s/tzCpgqyj6t5vb54HFCvrRaMEwTcKDwpoQK66DRROzSff6kqtzHyiWRj6hrQQUmW80NL4pFSNhYpYA=="
      },
      "System.Reflection.Metadata": {
        "type": "Transitive",
        "resolved": "8.0.0",
        "contentHash": "ptvgrFh7PvWI8bcVqG5rsA/weWM09EnthFHR5SCnS6IN+P4mj6rE1lBDC4U8HL9/57htKAqy4KQ3bBj84cfYyQ==",
        "dependencies": {
          "System.Collections.Immutable": "8.0.0"
        }
      },
      "System.Text.Encodings.Web": {
        "type": "Transitive",
        "resolved": "10.0.4",
        "contentHash": "6g3B7jNsPRNf4luuYt1qE4R8S3JI+zMsfGWL9Idv4Mk1Z9Gh+rCagp9sG3AejPS87yBj1DjopM4i3wSz0WnEqg=="
      },
      "System.Text.Json": {
        "type": "Transitive",
        "resolved": "10.0.4",
        "contentHash": "1tRPRt8D/kzjGL7em1uJ3iJlvVIC3G/sZJ+ZgSvtVYLXGGO26Clkqy2b5uts/pyR706Yw8/xA7exeI2PI50dpw==",
        "dependencies": {
          "System.IO.Pipelines": "10.0.4",
          "System.Text.Encodings.Web": "10.0.4"
        }
      },
      "xunit.analyzers": {
        "type": "Transitive",
        "resolved": "1.18.0",
        "contentHash": "OtFMHN8yqIcYP9wcVIgJrq01AfTxijjAqVDy/WeQVSyrDC1RzBWeQPztL49DN2syXRah8TYnfvk035s7L95EZQ=="
      },
      "xunit.core": {
        "type": "Transitive",
        "resolved": "2.9.3",
        "contentHash": "BiAEvqGvyme19wE0wTKdADH+NloYqikiU0mcnmiNyXaF9HyHmE6sr/3DC5vnBkgsWaE6yPyWszKSPSApWdRVeQ==",
        "dependencies": {
          "xunit.extensibility.core": "[2.9.3]",
          "xunit.extensibility.execution": "[2.9.3]"
        }
      },
      "xunit.extensibility.core": {
        "type": "Transitive",
        "resolved": "2.9.3",
        "contentHash": "kf3si0YTn2a8J8eZNb+zFpwfoyvIrQ7ivNk5ZYA5yuYk1bEtMe4DxJ2CF/qsRgmEnDr7MnW1mxylBaHTZ4qErA==",
        "dependencies": {
          "xunit.abstractions": "2.0.3"
        }
      },
      "xunit.extensibility.execution": {
        "type": "Transitive",
        "resolved": "2.9.3",
        "contentHash": "yMb6vMESlSrE3Wfj7V6cjQ3S4TXdXpRqYeNEI3zsX31uTsGMJjEw6oD5F5u1cHnMptjhEECnmZSsPxB6ChZHDQ==",
        "dependencies": {
          "xunit.extensibility.core": "[2.9.3]"
        }
      }
    }
  }
}