
Microsoft Visual Studio Solution File, Format Version 12.00
# Visual Studio Version 17
VisualStudioVersion = 17.10.35027.167
MinimumVisualStudioVersion = 10.0.40219.1
Project("{2150E333-8FDC-42A3-9474-1A3956D46DE8}") = "apis", "apis", "{80C48401-A0AA-4707-B26A-332240A6C214}"
EndProject
Project("{2150E333-8FDC-42A3-9474-1A3956D46DE8}") = "tests", "tests", "{88E9B775-3937-45F6-9899-F0ECDD635145}"
	ProjectSection(SolutionItems) = preProject
		tests\coverlet.runsettings = tests\coverlet.runsettings
	EndProjectSection
EndProject
Project("{2150E333-8FDC-42A3-9474-1A3956D46DE8}") = "search", "search", "{B59E14FF-BBC9-4659-BA54-94089935CBAA}"
EndProject
Project("{9A19103F-16F7-4668-BE54-9A1E7A4F7556}") = "Platform.Search.App", "src\search\Platform.Search.App\Platform.Search.App.csproj", "{ECE338C2-996D-4D2D-9F1A-0AF4B585F9E4}"
EndProject
Project("{9A19103F-16F7-4668-BE54-9A1E7A4F7556}") = "Platform.Api.Establishment", "src\apis\Platform.Api.Establishment\Platform.Api.Establishment.csproj", "{4D5D03BF-9BA3-4CE9-ADD1-D8D5F15FBF46}"
EndProject
Project("{9A19103F-16F7-4668-BE54-9A1E7A4F7556}") = "Platform.Api.Insight", "src\apis\Platform.Api.Insight\Platform.Api.Insight.csproj", "{346579AA-839E-485D-A8AE-B04DD14BDBCE}"
EndProject
Project("{9A19103F-16F7-4668-BE54-9A1E7A4F7556}") = "Platform.Api.Benchmark", "src\apis\Platform.Api.Benchmark\Platform.Api.Benchmark.csproj", "{9A1DF4EB-DE68-4DB7-9725-A2C0721E184D}"
EndProject
Project("{2150E333-8FDC-42A3-9474-1A3956D46DE8}") = "terraform", "terraform", "{40636378-A9AE-4BD0-95FC-755987FC7388}"
	ProjectSection(SolutionItems) = preProject
		terraform\functions.tf = terraform\functions.tf
		terraform\main.tf = terraform\main.tf
		terraform\provider.tf = terraform\provider.tf
		terraform\search.tf = terraform\search.tf
		terraform\storage.tf = terraform\storage.tf
		terraform\terraform.tfvars = terraform\terraform.tfvars
		terraform\variables.tf = terraform\variables.tf
		terraform\README.md = terraform\README.md
		terraform\data.tf = terraform\data.tf
	EndProjectSection
EndProject
Project("{2150E333-8FDC-42A3-9474-1A3956D46DE8}") = "abstractions", "abstractions", "{D52455F1-3BF5-46F4-9833-633817248295}"
EndProject
Project("{9A19103F-16F7-4668-BE54-9A1E7A4F7556}") = "Platform.ApiTests", "tests\Platform.ApiTests\Platform.ApiTests.csproj", "{1919CD09-11A6-43E5-9C78-52C2BB264631}"
EndProject
Project("{2150E333-8FDC-42A3-9474-1A3956D46DE8}") = "modules", "modules", "{4150CD4C-2835-410D-BB90-B10FD04C6BE5}"
EndProject
Project("{2150E333-8FDC-42A3-9474-1A3956D46DE8}") = "functions", "functions", "{D1FD7A16-3B98-4294-89D0-E77539D0E593}"
	ProjectSection(SolutionItems) = preProject
		terraform\modules\functions\main.tf = terraform\modules\functions\main.tf
		terraform\modules\functions\output.tf = terraform\modules\functions\output.tf
		terraform\modules\functions\README.md = terraform\modules\functions\README.md
		terraform\modules\functions\variables.tf = terraform\modules\functions\variables.tf
		terraform\modules\functions\provider.tf = terraform\modules\functions\provider.tf
	EndProjectSection
EndProject
Project("{9A19103F-16F7-4668-BE54-9A1E7A4F7556}") = "Platform.Search.Resources", "src\search\Platform.Search.Resources\Platform.Search.Resources.csproj", "{B6991DB1-7945-4348-86ED-B00A3AC8B889}"
EndProject
Project("{9A19103F-16F7-4668-BE54-9A1E7A4F7556}") = "Platform.Functions", "src\abstractions\Platform.Functions\Platform.Functions.csproj", "{AD3DC4F8-B866-40FE-A456-B18BA3158403}"
EndProject
Project("{9A19103F-16F7-4668-BE54-9A1E7A4F7556}") = "Platform.Orchestrator", "src\apis\Platform.Orchestrator\Platform.Orchestrator.csproj", "{1B14CB84-50E5-46D2-A8A4-321E37637EC3}"
EndProject
Project("{2150E333-8FDC-42A3-9474-1A3956D46DE8}") = "docker", "docker", "{57615065-8CB4-4F82-A02E-B980C16A1BEE}"
	ProjectSection(SolutionItems) = preProject
		docker\docker-compose.yml = docker\docker-compose.yml
	EndProjectSection
EndProject
Project("{9A19103F-16F7-4668-BE54-9A1E7A4F7556}") = "Platform.UserDataCleanUp", "src\apis\Platform.UserDataCleanUp\Platform.UserDataCleanUp.csproj", "{B5D3CA95-E059-444F-AD07-153D1DC8095F}"
EndProject
Project("{2150E333-8FDC-42A3-9474-1A3956D46DE8}") = "common", "common", "{24470E8C-975F-4CD1-8017-3103D66CAE30}"
	ProjectSection(SolutionItems) = preProject
		Directory.Packages.props = Directory.Packages.props
		nuget.config = nuget.config
		README.md = README.md
	EndProjectSection
EndProject
Project("{FAE04EC0-301F-11D3-BF4B-00C04F79EFBC}") = "Platform.Sql", "src\abstractions\Platform.Sql\Platform.Sql.csproj", "{23B45FED-62AA-4C53-9DF5-67511CD66B8E}"
EndProject
Project("{FAE04EC0-301F-11D3-BF4B-00C04F79EFBC}") = "Platform.Search", "src\abstractions\Platform.Search\Platform.Search.csproj", "{F5525998-DB69-4209-8832-E3176C0DBC6D}"
EndProject
Project("{FAE04EC0-301F-11D3-BF4B-00C04F79EFBC}") = "Platform.Infrastructure", "src\abstractions\Platform.Infrastructure\Platform.Infrastructure.csproj", "{25B60DB3-6ABF-4F76-B60D-73381A88FD09}"
EndProject
Project("{FAE04EC0-301F-11D3-BF4B-00C04F79EFBC}") = "Platform.Cache", "src\abstractions\Platform.Cache\Platform.Cache.csproj", "{F763848C-9E85-4FED-85C2-790C5E58E56A}"
EndProject
Project("{FAE04EC0-301F-11D3-BF4B-00C04F79EFBC}") = "Platform.Domain", "src\abstractions\Platform.Domain\Platform.Domain.csproj", "{D63BCFE5-E1A2-4F0C-939F-96187E64B16D}"
EndProject
Project("{2150E333-8FDC-42A3-9474-1A3956D46DE8}") = "tests", "tests", "{8106645A-3A8E-41DE-92FF-46D1365846C3}"
EndProject
Project("{FAE04EC0-301F-11D3-BF4B-00C04F79EFBC}") = "Platform.Sql.Tests", "src\abstractions\tests\Platform.Sql.Tests\Platform.Sql.Tests.csproj", "{A8B35D44-5C16-4942-A14F-796F0DD8ABE2}"
EndProject
Project("{FAE04EC0-301F-11D3-BF4B-00C04F79EFBC}") = "Platform.Cache.Tests", "src\abstractions\tests\Platform.Cache.Tests\Platform.Cache.Tests.csproj", "{65E56DEE-FA5D-4772-94CE-D3DA768A5657}"
EndProject
Project("{FAE04EC0-301F-11D3-BF4B-00C04F79EFBC}") = "Platform.Messaging", "src\abstractions\Platform.Messaging\Platform.Messaging.csproj", "{42C59005-6087-48CB-9666-07C327A682DF}"
EndProject
Project("{FAE04EC0-301F-11D3-BF4B-00C04F79EFBC}") = "Platform.Json", "src\abstractions\Platform.Json\Platform.Json.csproj", "{45B3F9D1-3F30-4A82-9E07-EF18DD86FA22}"
EndProject
Project("{FAE04EC0-301F-11D3-BF4B-00C04F79EFBC}") = "Platform.Functions.Tests", "src\abstractions\tests\Platform.Functions.Tests\Platform.Functions.Tests.csproj", "{B61B8F02-B81C-4BF8-860C-A4B25C4C3CAD}"
EndProject
Project("{FAE04EC0-301F-11D3-BF4B-00C04F79EFBC}") = "Platform.Search.Tests", "src\abstractions\tests\Platform.Search.Tests\Platform.Search.Tests.csproj", "{388A2AAB-8CE4-4C87-87FF-0001ECB3F78A}"
EndProject
Project("{FAE04EC0-301F-11D3-BF4B-00C04F79EFBC}") = "Platform.Benchmark.Tests", "tests\Platform.Benchmark.Tests\Platform.Benchmark.Tests.csproj", "{0E97EE8F-15A7-4BBB-9C31-6C0343CFF60D}"
EndProject
Project("{FAE04EC0-301F-11D3-BF4B-00C04F79EFBC}") = "Platform.Establishment.Tests", "tests\Platform.Establishment.Tests\Platform.Establishment.Tests.csproj", "{8C59256A-D582-48DB-8508-0DEE3DA53E50}"
EndProject
Project("{FAE04EC0-301F-11D3-BF4B-00C04F79EFBC}") = "Platform.Insight.Tests", "tests\Platform.Insight.Tests\Platform.Insight.Tests.csproj", "{7E484AED-5099-483F-A3B5-637E05768089}"
EndProject
Project("{FAE04EC0-301F-11D3-BF4B-00C04F79EFBC}") = "Platform.Orchestrator.Tests", "tests\Platform.Orchestrator.Tests\Platform.Orchestrator.Tests.csproj", "{B0B0A918-EFCC-4D8F-993A-502F5AA88BEB}"
EndProject
Project("{FAE04EC0-301F-11D3-BF4B-00C04F79EFBC}") = "Platform.Test", "src\abstractions\Platform.Test\Platform.Test.csproj", "{DD2AD06A-8367-4EC3-84E7-6A4321C238C6}"
EndProject
Project("{FAE04EC0-301F-11D3-BF4B-00C04F79EFBC}") = "Platform.Domain.Tests", "src\abstractions\tests\Platform.Domain.Tests\Platform.Domain.Tests.csproj", "{419C9FD2-32E7-4DE4-B580-F9821BCE0422}"
EndProject
Global
	GlobalSection(SolutionConfigurationPlatforms) = preSolution
		Debug|Any CPU = Debug|Any CPU
		Release|Any CPU = Release|Any CPU
	EndGlobalSection
	GlobalSection(ProjectConfigurationPlatforms) = postSolution
		{ECE338C2-996D-4D2D-9F1A-0AF4B585F9E4}.Debug|Any CPU.ActiveCfg = Debug|Any CPU
		{ECE338C2-996D-4D2D-9F1A-0AF4B585F9E4}.Debug|Any CPU.Build.0 = Debug|Any CPU
		{ECE338C2-996D-4D2D-9F1A-0AF4B585F9E4}.Release|Any CPU.ActiveCfg = Release|Any CPU
		{ECE338C2-996D-4D2D-9F1A-0AF4B585F9E4}.Release|Any CPU.Build.0 = Release|Any CPU
		{4D5D03BF-9BA3-4CE9-ADD1-D8D5F15FBF46}.Debug|Any CPU.ActiveCfg = Debug|Any CPU
		{4D5D03BF-9BA3-4CE9-ADD1-D8D5F15FBF46}.Debug|Any CPU.Build.0 = Debug|Any CPU
		{4D5D03BF-9BA3-4CE9-ADD1-D8D5F15FBF46}.Release|Any CPU.ActiveCfg = Release|Any CPU
		{4D5D03BF-9BA3-4CE9-ADD1-D8D5F15FBF46}.Release|Any CPU.Build.0 = Release|Any CPU
		{346579AA-839E-485D-A8AE-B04DD14BDBCE}.Debug|Any CPU.ActiveCfg = Debug|Any CPU
		{346579AA-839E-485D-A8AE-B04DD14BDBCE}.Debug|Any CPU.Build.0 = Debug|Any CPU
		{346579AA-839E-485D-A8AE-B04DD14BDBCE}.Release|Any CPU.ActiveCfg = Release|Any CPU
		{346579AA-839E-485D-A8AE-B04DD14BDBCE}.Release|Any CPU.Build.0 = Release|Any CPU
		{9A1DF4EB-DE68-4DB7-9725-A2C0721E184D}.Debug|Any CPU.ActiveCfg = Debug|Any CPU
		{9A1DF4EB-DE68-4DB7-9725-A2C0721E184D}.Debug|Any CPU.Build.0 = Debug|Any CPU
		{9A1DF4EB-DE68-4DB7-9725-A2C0721E184D}.Release|Any CPU.ActiveCfg = Release|Any CPU
		{9A1DF4EB-DE68-4DB7-9725-A2C0721E184D}.Release|Any CPU.Build.0 = Release|Any CPU
		{1919CD09-11A6-43E5-9C78-52C2BB264631}.Debug|Any CPU.ActiveCfg = Debug|Any CPU
		{1919CD09-11A6-43E5-9C78-52C2BB264631}.Debug|Any CPU.Build.0 = Debug|Any CPU
		{1919CD09-11A6-43E5-9C78-52C2BB264631}.Release|Any CPU.ActiveCfg = Release|Any CPU
		{1919CD09-11A6-43E5-9C78-52C2BB264631}.Release|Any CPU.Build.0 = Release|Any CPU
		{B6991DB1-7945-4348-86ED-B00A3AC8B889}.Debug|Any CPU.ActiveCfg = Debug|Any CPU
		{B6991DB1-7945-4348-86ED-B00A3AC8B889}.Debug|Any CPU.Build.0 = Debug|Any CPU
		{B6991DB1-7945-4348-86ED-B00A3AC8B889}.Release|Any CPU.ActiveCfg = Release|Any CPU
		{B6991DB1-7945-4348-86ED-B00A3AC8B889}.Release|Any CPU.Build.0 = Release|Any CPU
		{AD3DC4F8-B866-40FE-A456-B18BA3158403}.Debug|Any CPU.ActiveCfg = Debug|Any CPU
		{AD3DC4F8-B866-40FE-A456-B18BA3158403}.Debug|Any CPU.Build.0 = Debug|Any CPU
		{AD3DC4F8-B866-40FE-A456-B18BA3158403}.Release|Any CPU.ActiveCfg = Release|Any CPU
		{AD3DC4F8-B866-40FE-A456-B18BA3158403}.Release|Any CPU.Build.0 = Release|Any CPU
		{1B14CB84-50E5-46D2-A8A4-321E37637EC3}.Debug|Any CPU.ActiveCfg = Debug|Any CPU
		{1B14CB84-50E5-46D2-A8A4-321E37637EC3}.Debug|Any CPU.Build.0 = Debug|Any CPU
		{1B14CB84-50E5-46D2-A8A4-321E37637EC3}.Release|Any CPU.ActiveCfg = Release|Any CPU
		{1B14CB84-50E5-46D2-A8A4-321E37637EC3}.Release|Any CPU.Build.0 = Release|Any CPU
		{B5D3CA95-E059-444F-AD07-153D1DC8095F}.Debug|Any CPU.ActiveCfg = Debug|Any CPU
		{B5D3CA95-E059-444F-AD07-153D1DC8095F}.Debug|Any CPU.Build.0 = Debug|Any CPU
		{B5D3CA95-E059-444F-AD07-153D1DC8095F}.Release|Any CPU.ActiveCfg = Release|Any CPU
		{B5D3CA95-E059-444F-AD07-153D1DC8095F}.Release|Any CPU.Build.0 = Release|Any CPU
		{23B45FED-62AA-4C53-9DF5-67511CD66B8E}.Debug|Any CPU.ActiveCfg = Debug|Any CPU
		{23B45FED-62AA-4C53-9DF5-67511CD66B8E}.Debug|Any CPU.Build.0 = Debug|Any CPU
		{23B45FED-62AA-4C53-9DF5-67511CD66B8E}.Release|Any CPU.ActiveCfg = Release|Any CPU
		{23B45FED-62AA-4C53-9DF5-67511CD66B8E}.Release|Any CPU.Build.0 = Release|Any CPU
		{F5525998-DB69-4209-8832-E3176C0DBC6D}.Debug|Any CPU.ActiveCfg = Debug|Any CPU
		{F5525998-DB69-4209-8832-E3176C0DBC6D}.Debug|Any CPU.Build.0 = Debug|Any CPU
		{F5525998-DB69-4209-8832-E3176C0DBC6D}.Release|Any CPU.ActiveCfg = Release|Any CPU
		{F5525998-DB69-4209-8832-E3176C0DBC6D}.Release|Any CPU.Build.0 = Release|Any CPU
		{25B60DB3-6ABF-4F76-B60D-73381A88FD09}.Debug|Any CPU.ActiveCfg = Debug|Any CPU
		{25B60DB3-6ABF-4F76-B60D-73381A88FD09}.Debug|Any CPU.Build.0 = Debug|Any CPU
		{25B60DB3-6ABF-4F76-B60D-73381A88FD09}.Release|Any CPU.ActiveCfg = Release|Any CPU
		{25B60DB3-6ABF-4F76-B60D-73381A88FD09}.Release|Any CPU.Build.0 = Release|Any CPU
		{F763848C-9E85-4FED-85C2-790C5E58E56A}.Debug|Any CPU.ActiveCfg = Debug|Any CPU
		{F763848C-9E85-4FED-85C2-790C5E58E56A}.Debug|Any CPU.Build.0 = Debug|Any CPU
		{F763848C-9E85-4FED-85C2-790C5E58E56A}.Release|Any CPU.ActiveCfg = Release|Any CPU
		{F763848C-9E85-4FED-85C2-790C5E58E56A}.Release|Any CPU.Build.0 = Release|Any CPU
		{D63BCFE5-E1A2-4F0C-939F-96187E64B16D}.Debug|Any CPU.ActiveCfg = Debug|Any CPU
		{D63BCFE5-E1A2-4F0C-939F-96187E64B16D}.Debug|Any CPU.Build.0 = Debug|Any CPU
		{D63BCFE5-E1A2-4F0C-939F-96187E64B16D}.Release|Any CPU.ActiveCfg = Release|Any CPU
		{D63BCFE5-E1A2-4F0C-939F-96187E64B16D}.Release|Any CPU.Build.0 = Release|Any CPU
		{A8B35D44-5C16-4942-A14F-796F0DD8ABE2}.Debug|Any CPU.ActiveCfg = Debug|Any CPU
		{A8B35D44-5C16-4942-A14F-796F0DD8ABE2}.Debug|Any CPU.Build.0 = Debug|Any CPU
		{A8B35D44-5C16-4942-A14F-796F0DD8ABE2}.Release|Any CPU.ActiveCfg = Release|Any CPU
		{A8B35D44-5C16-4942-A14F-796F0DD8ABE2}.Release|Any CPU.Build.0 = Release|Any CPU
		{65E56DEE-FA5D-4772-94CE-D3DA768A5657}.Debug|Any CPU.ActiveCfg = Debug|Any CPU
		{65E56DEE-FA5D-4772-94CE-D3DA768A5657}.Debug|Any CPU.Build.0 = Debug|Any CPU
		{65E56DEE-FA5D-4772-94CE-D3DA768A5657}.Release|Any CPU.ActiveCfg = Release|Any CPU
		{65E56DEE-FA5D-4772-94CE-D3DA768A5657}.Release|Any CPU.Build.0 = Release|Any CPU
		{42C59005-6087-48CB-9666-07C327A682DF}.Debug|Any CPU.ActiveCfg = Debug|Any CPU
		{42C59005-6087-48CB-9666-07C327A682DF}.Debug|Any CPU.Build.0 = Debug|Any CPU
		{42C59005-6087-48CB-9666-07C327A682DF}.Release|Any CPU.ActiveCfg = Release|Any CPU
		{42C59005-6087-48CB-9666-07C327A682DF}.Release|Any CPU.Build.0 = Release|Any CPU
		{45B3F9D1-3F30-4A82-9E07-EF18DD86FA22}.Debug|Any CPU.ActiveCfg = Debug|Any CPU
		{45B3F9D1-3F30-4A82-9E07-EF18DD86FA22}.Debug|Any CPU.Build.0 = Debug|Any CPU
		{45B3F9D1-3F30-4A82-9E07-EF18DD86FA22}.Release|Any CPU.ActiveCfg = Release|Any CPU
		{45B3F9D1-3F30-4A82-9E07-EF18DD86FA22}.Release|Any CPU.Build.0 = Release|Any CPU
		{B61B8F02-B81C-4BF8-860C-A4B25C4C3CAD}.Debug|Any CPU.ActiveCfg = Debug|Any CPU
		{B61B8F02-B81C-4BF8-860C-A4B25C4C3CAD}.Debug|Any CPU.Build.0 = Debug|Any CPU
		{B61B8F02-B81C-4BF8-860C-A4B25C4C3CAD}.Release|Any CPU.ActiveCfg = Release|Any CPU
		{B61B8F02-B81C-4BF8-860C-A4B25C4C3CAD}.Release|Any CPU.Build.0 = Release|Any CPU
		{388A2AAB-8CE4-4C87-87FF-0001ECB3F78A}.Debug|Any CPU.ActiveCfg = Debug|Any CPU
		{388A2AAB-8CE4-4C87-87FF-0001ECB3F78A}.Debug|Any CPU.Build.0 = Debug|Any CPU
		{388A2AAB-8CE4-4C87-87FF-0001ECB3F78A}.Release|Any CPU.ActiveCfg = Release|Any CPU
		{388A2AAB-8CE4-4C87-87FF-0001ECB3F78A}.Release|Any CPU.Build.0 = Release|Any CPU
		{0E97EE8F-15A7-4BBB-9C31-6C0343CFF60D}.Debug|Any CPU.ActiveCfg = Debug|Any CPU
		{0E97EE8F-15A7-4BBB-9C31-6C0343CFF60D}.Debug|Any CPU.Build.0 = Debug|Any CPU
		{0E97EE8F-15A7-4BBB-9C31-6C0343CFF60D}.Release|Any CPU.ActiveCfg = Release|Any CPU
		{0E97EE8F-15A7-4BBB-9C31-6C0343CFF60D}.Release|Any CPU.Build.0 = Release|Any CPU
		{8C59256A-D582-48DB-8508-0DEE3DA53E50}.Debug|Any CPU.ActiveCfg = Debug|Any CPU
		{8C59256A-D582-48DB-8508-0DEE3DA53E50}.Debug|Any CPU.Build.0 = Debug|Any CPU
		{8C59256A-D582-48DB-8508-0DEE3DA53E50}.Release|Any CPU.ActiveCfg = Release|Any CPU
		{8C59256A-D582-48DB-8508-0DEE3DA53E50}.Release|Any CPU.Build.0 = Release|Any CPU
		{7E484AED-5099-483F-A3B5-637E05768089}.Debug|Any CPU.ActiveCfg = Debug|Any CPU
		{7E484AED-5099-483F-A3B5-637E05768089}.Debug|Any CPU.Build.0 = Debug|Any CPU
		{7E484AED-5099-483F-A3B5-637E05768089}.Release|Any CPU.ActiveCfg = Release|Any CPU
		{7E484AED-5099-483F-A3B5-637E05768089}.Release|Any CPU.Build.0 = Release|Any CPU
		{B0B0A918-EFCC-4D8F-993A-502F5AA88BEB}.Debug|Any CPU.ActiveCfg = Debug|Any CPU
		{B0B0A918-EFCC-4D8F-993A-502F5AA88BEB}.Debug|Any CPU.Build.0 = Debug|Any CPU
		{B0B0A918-EFCC-4D8F-993A-502F5AA88BEB}.Release|Any CPU.ActiveCfg = Release|Any CPU
		{B0B0A918-EFCC-4D8F-993A-502F5AA88BEB}.Release|Any CPU.Build.0 = Release|Any CPU
		{DD2AD06A-8367-4EC3-84E7-6A4321C238C6}.Debug|Any CPU.ActiveCfg = Debug|Any CPU
		{DD2AD06A-8367-4EC3-84E7-6A4321C238C6}.Debug|Any CPU.Build.0 = Debug|Any CPU
		{DD2AD06A-8367-4EC3-84E7-6A4321C238C6}.Release|Any CPU.ActiveCfg = Release|Any CPU
		{DD2AD06A-8367-4EC3-84E7-6A4321C238C6}.Release|Any CPU.Build.0 = Release|Any CPU
		{419C9FD2-32E7-4DE4-B580-F9821BCE0422}.Debug|Any CPU.ActiveCfg = Debug|Any CPU
		{419C9FD2-32E7-4DE4-B580-F9821BCE0422}.Debug|Any CPU.Build.0 = Debug|Any CPU
		{419C9FD2-32E7-4DE4-B580-F9821BCE0422}.Release|Any CPU.ActiveCfg = Release|Any CPU
		{419C9FD2-32E7-4DE4-B580-F9821BCE0422}.Release|Any CPU.Build.0 = Release|Any CPU
	EndGlobalSection
	GlobalSection(SolutionProperties) = preSolution
		HideSolutionNode = FALSE
	EndGlobalSection
	GlobalSection(NestedProjects) = preSolution
		{ECE338C2-996D-4D2D-9F1A-0AF4B585F9E4} = {B59E14FF-BBC9-4659-BA54-94089935CBAA}
		{4D5D03BF-9BA3-4CE9-ADD1-D8D5F15FBF46} = {80C48401-A0AA-4707-B26A-332240A6C214}
		{346579AA-839E-485D-A8AE-B04DD14BDBCE} = {80C48401-A0AA-4707-B26A-332240A6C214}
		{9A1DF4EB-DE68-4DB7-9725-A2C0721E184D} = {80C48401-A0AA-4707-B26A-332240A6C214}
		{1919CD09-11A6-43E5-9C78-52C2BB264631} = {88E9B775-3937-45F6-9899-F0ECDD635145}
		{4150CD4C-2835-410D-BB90-B10FD04C6BE5} = {40636378-A9AE-4BD0-95FC-755987FC7388}
		{D1FD7A16-3B98-4294-89D0-E77539D0E593} = {4150CD4C-2835-410D-BB90-B10FD04C6BE5}
		{B6991DB1-7945-4348-86ED-B00A3AC8B889} = {B59E14FF-BBC9-4659-BA54-94089935CBAA}
		{AD3DC4F8-B866-40FE-A456-B18BA3158403} = {D52455F1-3BF5-46F4-9833-633817248295}
		{1B14CB84-50E5-46D2-A8A4-321E37637EC3} = {80C48401-A0AA-4707-B26A-332240A6C214}
		{B5D3CA95-E059-444F-AD07-153D1DC8095F} = {80C48401-A0AA-4707-B26A-332240A6C214}
		{23B45FED-62AA-4C53-9DF5-67511CD66B8E} = {D52455F1-3BF5-46F4-9833-633817248295}
		{F5525998-DB69-4209-8832-E3176C0DBC6D} = {D52455F1-3BF5-46F4-9833-633817248295}
		{25B60DB3-6ABF-4F76-B60D-73381A88FD09} = {D52455F1-3BF5-46F4-9833-633817248295}
		{F763848C-9E85-4FED-85C2-790C5E58E56A} = {D52455F1-3BF5-46F4-9833-633817248295}
		{D63BCFE5-E1A2-4F0C-939F-96187E64B16D} = {D52455F1-3BF5-46F4-9833-633817248295}
		{8106645A-3A8E-41DE-92FF-46D1365846C3} = {D52455F1-3BF5-46F4-9833-633817248295}
		{A8B35D44-5C16-4942-A14F-796F0DD8ABE2} = {8106645A-3A8E-41DE-92FF-46D1365846C3}
		{65E56DEE-FA5D-4772-94CE-D3DA768A5657} = {8106645A-3A8E-41DE-92FF-46D1365846C3}
		{42C59005-6087-48CB-9666-07C327A682DF} = {D52455F1-3BF5-46F4-9833-633817248295}
		{45B3F9D1-3F30-4A82-9E07-EF18DD86FA22} = {D52455F1-3BF5-46F4-9833-633817248295}
		{B61B8F02-B81C-4BF8-860C-A4B25C4C3CAD} = {8106645A-3A8E-41DE-92FF-46D1365846C3}
		{388A2AAB-8CE4-4C87-87FF-0001ECB3F78A} = {8106645A-3A8E-41DE-92FF-46D1365846C3}
		{0E97EE8F-15A7-4BBB-9C31-6C0343CFF60D} = {88E9B775-3937-45F6-9899-F0ECDD635145}
		{8C59256A-D582-48DB-8508-0DEE3DA53E50} = {88E9B775-3937-45F6-9899-F0ECDD635145}
		{7E484AED-5099-483F-A3B5-637E05768089} = {88E9B775-3937-45F6-9899-F0ECDD635145}
		{B0B0A918-EFCC-4D8F-993A-502F5AA88BEB} = {88E9B775-3937-45F6-9899-F0ECDD635145}
		{DD2AD06A-8367-4EC3-84E7-6A4321C238C6} = {D52455F1-3BF5-46F4-9833-633817248295}
		{419C9FD2-32E7-4DE4-B580-F9821BCE0422} = {8106645A-3A8E-41DE-92FF-46D1365846C3}
	EndGlobalSection
EndGlobal
