{
  "version": 2,
  "dependencies": {
    "net8.0": {
      "Dynamitey": {
        "type": "Direct",
        "requested": "[3.0.3, )",
        "resolved": "3.0.3",
        "contentHash": "ocF4rRKgnmBkblk8RrgRP9YxxeJBvoaoCNLXgmUMgQCjZRw2v6Rtqxt5Kni6/TtbvICeWVN9X/69G5jltUEnbQ==",
        "dependencies": {
          "Microsoft.CSharp": "4.7.0",
          "System.ComponentModel": "4.3.0"
        }
      },
      "Microsoft.Extensions.Configuration": {
        "type": "Direct",
        "requested": "[9.0.8, )",
        "resolved": "9.0.8",
        "contentHash": "6m+8Xgmf8UWL0p/oGqBM+0KbHE5/ePXbV1hKXgC59zEv0aa0DW5oiiyxDbK5kH5j4gIvyD5uWL0+HadKBJngvQ==",
        "dependencies": {
          "Microsoft.Extensions.Configuration.Abstractions": "9.0.8",
          "Microsoft.Extensions.Primitives": "9.0.8"
        }
      },
      "Microsoft.Extensions.Configuration.Binder": {
        "type": "Direct",
        "requested": "[9.0.8, )",
        "resolved": "9.0.8",
        "contentHash": "0vK9DnYrYChdiH3yRZWkkp4x4LbrfkWEdBc5HOsQ8t/0CLOWKXKkkhOE8A1shlex0hGydbGrhObeypxz/QTm+w==",
        "dependencies": {
          "Microsoft.Extensions.Configuration.Abstractions": "9.0.8"
        }
      },
      "Microsoft.Extensions.Configuration.Json": {
        "type": "Direct",
        "requested": "[9.0.8, )",
        "resolved": "9.0.8",
        "contentHash": "vjxzcnL7ul322+kpvELisXaZl8/5MYs6JfI9DZLQWsao1nA/4FL48yPwDK986hbJTWc64JxOOaMym0SQ/dy32w==",
        "dependencies": {
          "Microsoft.Extensions.Configuration": "9.0.8",
          "Microsoft.Extensions.Configuration.Abstractions": "9.0.8",
          "Microsoft.Extensions.Configuration.FileExtensions": "9.0.8",
          "Microsoft.Extensions.FileProviders.Abstractions": "9.0.8",
          "System.Text.Json": "9.0.8"
        }
      },
      "Microsoft.NET.Test.Sdk": {
        "type": "Direct",
        "requested": "[17.14.1, )",
        "resolved": "17.14.1",
        "contentHash": "HJKqKOE+vshXra2aEHpi2TlxYX7Z9VFYkr+E5rwEvHC8eIXiyO+K9kNm8vmNom3e2rA56WqxU+/N9NJlLGXsJQ==",
        "dependencies": {
          "Microsoft.CodeCoverage": "17.14.1",
          "Microsoft.TestPlatform.TestHost": "17.14.1"
        }
      },
      "Microsoft.Playwright": {
        "type": "Direct",
        "requested": "[1.54.0, )",
        "resolved": "1.54.0",
        "contentHash": "u/ftvv1mdusX2R+4u0XINaRw10w9oGhxZePjkFgNZhpG/hUaOg/0npgavXh3mlO1u8b06v+XQKuvOYdsieHMZg==",
        "dependencies": {
          "Microsoft.Bcl.AsyncInterfaces": "6.0.0",
          "System.ComponentModel.Annotations": "5.0.0",
          "System.Text.Json": "6.0.10"
        }
      },
      "Newtonsoft.Json": {
        "type": "Direct",
        "requested": "[13.0.3, )",
        "resolved": "13.0.3",
        "contentHash": "HrC5BXdl00IP9zeV+0Z848QWPAoCr9P3bDEZguI+gkLcBKAOxix/tLEAAHC+UvDNPv4a2d18lOReHMOagPa+zQ=="
      },
      "Reqnroll": {
        "type": "Direct",
        "requested": "[3.0.0, )",
        "resolved": "3.0.0",
        "contentHash": "b2f0QERw3sdHjh3gRVxHp32sa3Sm816Wv6G+o7W8q2PnjMkylEaqUYF/kQnaQJ98omqqfCmD/JSFDrrFM/IYpg==",
        "dependencies": {
          "Cucumber.CucumberExpressions": "17.1.0",
          "Cucumber.HtmlFormatter": "21.14.0",
          "Cucumber.Messages": "28.0.0",
          "Gherkin": "34.0.0",
          "Microsoft.Bcl.AsyncInterfaces": "9.0.6",
          "Microsoft.Extensions.DependencyModel": "8.0.2",
          "System.Text.Json": "8.0.5",
          "System.Threading.Channels": "9.0.6"
        }
      },
      "Reqnroll.xUnit": {
        "type": "Direct",
        "requested": "[3.0.0, )",
        "resolved": "3.0.0",
        "contentHash": "J96jzIaruyq9O368FE4UZyegwZh8tM5kIFaEzdHPMc4YJxNuv8jmE9+xNXTvK4PbpRBwwi30LxTggP0XlLe5ag==",
        "dependencies": {
          "Reqnroll": "[3.0.0]",
          "Reqnroll.Tools.MsBuild.Generation": "[3.0.0]",
          "Xunit.SkippableFact": "1.4.13",
          "xunit.core": "2.8.1"
        }
      },
      "xunit": {
        "type": "Direct",
        "requested": "[2.9.3, )",
        "resolved": "2.9.3",
        "contentHash": "TlXQBinK35LpOPKHAqbLY4xlEen9TBafjs0V5KnA4wZsoQLQJiirCR4CbIXvOH8NzkW4YeJKP5P/Bnrodm0h9Q==",
        "dependencies": {
          "xunit.analyzers": "1.18.0",
          "xunit.assert": "2.9.3",
          "xunit.core": "[2.9.3]"
        }
      },
      "xunit.assert": {
        "type": "Direct",
        "requested": "[2.9.3, )",
        "resolved": "2.9.3",
        "contentHash": "/Kq28fCE7MjOV42YLVRAJzRF0WmEqsmflm0cfpMjGtzQ2lR5mYVj1/i0Y8uDAOLczkL3/jArrwehfMD0YogMAA=="
      },
      "xunit.runner.visualstudio": {
        "type": "Direct",
        "requested": "[3.1.4, )",
        "resolved": "3.1.4",
        "contentHash": "5mj99LvCqrq3CNi06xYdyIAXOEh+5b33F2nErCzI5zWiDdLHXiPXEWFSUAF8zlIv0ZWqjZNCwHTQeAPYbF3pCg=="
      },
      "Cucumber.CucumberExpressions": {
        "type": "Transitive",
        "resolved": "17.1.0",
        "contentHash": "IZFDLLwrUCKuGDXQzmAWZa+kQFpVmVwWD8wEl0UWGOR83UQfzqg8hZeSSNUOXlW0Kh3vMO6kEm3FpNC4amKMaw=="
      },
      "Cucumber.HtmlFormatter": {
        "type": "Transitive",
        "resolved": "21.14.0",
        "contentHash": "pkGsMqbLoLXk6nTYQqFqtWRov8bkVpQKwZRj31Q1xd9m+1ClyHA2rZtVMh4ecakujU62ksTh48qCbw9xi1E+Wg==",
        "dependencies": {
          "Cucumber.Messages": "[27.0.0, 29.0.0)"
        }
      },
      "Cucumber.Messages": {
        "type": "Transitive",
        "resolved": "28.0.0",
        "contentHash": "Kthb+tAd8sKlbBrtxMRI6j8lU8cn/MzbDAPfXuHFTfK2dc6z7777SZV7rnEUrXHisw3l3U5gXRB3BG24B6lwKw=="
      },
      "Gherkin": {
        "type": "Transitive",
        "resolved": "34.0.0",
        "contentHash": "C7S8aXKI65TfDpwVBkQlRbrqjj4Bv/Qf5CdZPrSJnfdUU9CZZtpLrovuR31iVMR8Oe2XEkdhacHnDUMBNipu/w==",
        "dependencies": {
          "Cucumber.Messages": "[28.0.0, 29.0.0)"
        }
      },
      "Microsoft.Bcl.AsyncInterfaces": {
        "type": "Transitive",
        "resolved": "9.0.6",
        "contentHash": "82rLw487j5jBXEi2r3WvA/cagOhcRREVRtet6izzjDMY+i392W5oNSN2KCtuIvlTpyMONEUD0MIlGAgDdsvQ/w=="
      },
      "Microsoft.CodeCoverage": {
        "type": "Transitive",
        "resolved": "17.14.1",
        "contentHash": "pmTrhfFIoplzFVbhVwUquT+77CbGH+h4/3mBpdmIlYtBi9nAB+kKI6dN3A/nV4DFi3wLLx/BlHIPK+MkbQ6Tpg=="
      },
      "Microsoft.CSharp": {
        "type": "Transitive",
        "resolved": "4.7.0",
        "contentHash": "pTj+D3uJWyN3My70i2Hqo+OXixq3Os2D1nJ2x92FFo6sk8fYS1m1WLNTs0Dc1uPaViH0YvEEwvzddQ7y4rhXmA=="
      },
      "Microsoft.Extensions.Configuration.Abstractions": {
        "type": "Transitive",
        "resolved": "9.0.8",
        "contentHash": "yNou2KM35RvzOh4vUFtl2l33rWPvOCoba+nzEDJ+BgD8aOL/jew4WPCibQvntRfOJ2pJU8ARygSMD+pdjvDHuA==",
        "dependencies": {
          "Microsoft.Extensions.Primitives": "9.0.8"
        }
      },
      "Microsoft.Extensions.Configuration.FileExtensions": {
        "type": "Transitive",
        "resolved": "9.0.8",
        "contentHash": "2jgx58Jpk3oKT7KRn8x/cFf3QDTjQP+KUbyBnynAcB2iBx1Eq9EdNMCu0QEbYuaZOaQru/Kwdffary+hn58Wwg==",
        "dependencies": {
          "Microsoft.Extensions.Configuration": "9.0.8",
          "Microsoft.Extensions.Configuration.Abstractions": "9.0.8",
          "Microsoft.Extensions.FileProviders.Abstractions": "9.0.8",
          "Microsoft.Extensions.FileProviders.Physical": "9.0.8",
          "Microsoft.Extensions.Primitives": "9.0.8"
        }
      },
      "Microsoft.Extensions.DependencyModel": {
        "type": "Transitive",
        "resolved": "8.0.2",
        "contentHash": "mUBDZZRgZrSyFOsJ2qJJ9fXfqd/kXJwf3AiDoqLD9m6TjY5OO/vLNOb9fb4juC0487eq4hcGN/M2Rh/CKS7QYw=="
      },
      "Microsoft.Extensions.FileProviders.Abstractions": {
        "type": "Transitive",
        "resolved": "9.0.8",
        "contentHash": "4zZbQ4w+hCMm9J+z5NOj3giIPT2MhZxx05HX/MGuAmDBbjOuXlYIIRN+t4V6OLxy5nXZIcXO+dQMB/OWubuDkw==",
        "dependencies": {
          "Microsoft.Extensions.Primitives": "9.0.8"
        }
      },
      "Microsoft.Extensions.FileProviders.Physical": {
        "type": "Transitive",
        "resolved": "9.0.8",
        "contentHash": "FlOe2i7UUIfY0l0ChaIYtlXjdWWutR4DMRKZaGD6z4G1uVTteFkbBfxUIoi1uGmrZQxXe/yv/cfwiT0tK2xyXA==",
        "dependencies": {
          "Microsoft.Extensions.FileProviders.Abstractions": "9.0.8",
          "Microsoft.Extensions.FileSystemGlobbing": "9.0.8",
          "Microsoft.Extensions.Primitives": "9.0.8"
        }
      },
      "Microsoft.Extensions.FileSystemGlobbing": {
        "type": "Transitive",
        "resolved": "9.0.8",
        "contentHash": "96Ub5LmwYfIGVoXkbe4kjs+ivK6fLBTwKJAOMfUNV0R+AkZRItlgROFqXEWMUlXBTPM1/kKu26Ueu5As6RDzJA=="
      },
      "Microsoft.Extensions.Primitives": {
        "type": "Transitive",
        "resolved": "9.0.8",
        "contentHash": "tizSIOEsIgSNSSh+hKeUVPK7xmTIjR8s+mJWOu1KXV3htvNQiPMFRMO17OdI1y/4ZApdBVk49u/08QGC9yvLug=="
      },
      "Microsoft.NETCore.Platforms": {
        "type": "Transitive",
        "resolved": "1.1.0",
        "contentHash": "kz0PEW2lhqygehI/d6XsPCQzD7ff7gUJaVGPVETX611eadGsA3A877GdSlU0LRVMCTH/+P3o2iDTak+S08V2+A=="
      },
      "Microsoft.NETCore.Targets": {
        "type": "Transitive",
        "resolved": "1.1.0",
        "contentHash": "aOZA3BWfz9RXjpzt0sRJJMjAscAUm3Hoa4UWAfceV9UTYxgwZ1lZt5nO2myFf+/jetYQo4uTP7zS8sJY67BBxg=="
      },
      "Microsoft.TestPlatform.ObjectModel": {
        "type": "Transitive",
        "resolved": "17.14.1",
        "contentHash": "xTP1W6Mi6SWmuxd3a+jj9G9UoC850WGwZUps1Wah9r1ZxgXhdJfj1QqDLJkFjHDCvN42qDL2Ps5KjQYWUU0zcQ==",
        "dependencies": {
          "System.Reflection.Metadata": "8.0.0"
        }
      },
      "Microsoft.TestPlatform.TestHost": {
        "type": "Transitive",
        "resolved": "17.14.1",
        "contentHash": "d78LPzGKkJwsJXAQwsbJJ7LE7D1wB+rAyhHHAaODF+RDSQ0NgMjDFkSA1Djw18VrxO76GlKAjRUhl+H8NL8Z+Q==",
        "dependencies": {
          "Microsoft.TestPlatform.ObjectModel": "17.14.1",
          "Newtonsoft.Json": "13.0.3"
        }
      },
      "Reqnroll.Tools.MsBuild.Generation": {
        "type": "Transitive",
        "resolved": "3.0.0",
        "contentHash": "Rqizgmw+N584EheE10HhIAglEofvyb2EbiblTHD6k5BuAm7NoYX7xPmoGy4QiJs09WYnq1R9noEibeZ/JsTqpQ==",
        "dependencies": {
          "Reqnroll": "[3.0.0]"
        }
      },
      "System.Collections.Immutable": {
        "type": "Transitive",
        "resolved": "8.0.0",
        "contentHash": "AurL6Y5BA1WotzlEvVaIDpqzpIPvYnnldxru8oXJU2yFxFUy3+pNXjXd1ymO+RA0rq0+590Q8gaz2l3Sr7fmqg=="
      },
      "System.ComponentModel": {
        "type": "Transitive",
        "resolved": "4.3.0",
        "contentHash": "VyGn1jGRZVfxnh8EdvDCi71v3bMXrsu8aYJOwoV7SNDLVhiEqwP86pPMyRGsDsxhXAm2b3o9OIqeETfN5qfezw==",
        "dependencies": {
          "System.Runtime": "4.3.0"
        }
      },
      "System.ComponentModel.Annotations": {
        "type": "Transitive",
        "resolved": "5.0.0",
        "contentHash": "dMkqfy2el8A8/I76n2Hi1oBFEbG1SfxD2l5nhwXV3XjlnOmwxJlQbYpJH4W51odnU9sARCSAgv7S3CyAFMkpYg=="
      },
      "System.IO.Pipelines": {
        "type": "Transitive",
        "resolved": "9.0.8",
        "contentHash": "6vPmJt73mgUo1gzc/OcXlJvClz/2jxZ4TQPRfriVaLoGRH2mye530D9WHJYbFQRNMxF3PWCoeofsFdCyN7fLzA=="
      },
      "System.Reflection.Metadata": {
        "type": "Transitive",
        "resolved": "8.0.0",
        "contentHash": "ptvgrFh7PvWI8bcVqG5rsA/weWM09EnthFHR5SCnS6IN+P4mj6rE1lBDC4U8HL9/57htKAqy4KQ3bBj84cfYyQ==",
        "dependencies": {
          "System.Collections.Immutable": "8.0.0"
        }
      },
      "System.Runtime": {
        "type": "Transitive",
        "resolved": "4.3.0",
        "contentHash": "JufQi0vPQ0xGnAczR13AUFglDyVYt4Kqnz1AZaiKZ5+GICq0/1MH/mO/eAJHt/mHW1zjKBJd7kV26SrxddAhiw==",
        "dependencies": {
          "Microsoft.NETCore.Platforms": "1.1.0",
          "Microsoft.NETCore.Targets": "1.1.0"
        }
      },
      "System.Text.Encodings.Web": {
        "type": "Transitive",
        "resolved": "9.0.8",
        "contentHash": "W+LotQsM4wBJ4PG7uRkyul4wqL4Fz7R4ty6uXrCNZUhbaHYANgrPaYR2ZpMVpdCjQEJ17Jr1NMN8hv4SHaHY4A=="
      },
      "System.Text.Json": {
        "type": "Transitive",
        "resolved": "9.0.8",
        "contentHash": "mIQir9jBqk0V7X0Nw5hzPJZC8DuGdf+2DS3jAVsr6rq5+/VyH5rza0XGcONJUWBrZ+G6BCwNyjWYd9lncBu48A==",
        "dependencies": {
          "System.IO.Pipelines": "9.0.8",
          "System.Text.Encodings.Web": "9.0.8"
        }
      },
      "System.Threading.Channels": {
        "type": "Transitive",
        "resolved": "9.0.6",
        "contentHash": "2MaNJVkG2yJiXQbZrrcYoJ55ehV+aX0zqR6rWJkO/Qj7jTsArWthrQ7iWywUf/sE5ylJWX/iLH2kKfwSRdkWsA=="
      },
      "Validation": {
        "type": "Transitive",
        "resolved": "2.4.18",
        "contentHash": "NfvWJ1QeuZ1FQCkqgXTu1cOkRkbNCfxs4Tat+abXLwom6OXbULVhRGp34BTvVB4XPxj6VIAl7KfLfStXMt/Ehw=="
      },
      "xunit.analyzers": {
        "type": "Transitive",
        "resolved": "1.18.0",
        "contentHash": "OtFMHN8yqIcYP9wcVIgJrq01AfTxijjAqVDy/WeQVSyrDC1RzBWeQPztL49DN2syXRah8TYnfvk035s7L95EZQ=="
      },
      "xunit.core": {
        "type": "Transitive",
        "resolved": "2.9.3",
        "contentHash": "BiAEvqGvyme19wE0wTKdADH+NloYqikiU0mcnmiNyXaF9HyHmE6sr/3DC5vnBkgsWaE6yPyWszKSPSApWdRVeQ==",
        "dependencies": {
          "xunit.extensibility.core": "[2.9.3]",
          "xunit.extensibility.execution": "[2.9.3]"
        }
      },
      "xunit.extensibility.core": {
        "type": "Transitive",
        "resolved": "2.9.3",
        "contentHash": "kf3si0YTn2a8J8eZNb+zFpwfoyvIrQ7ivNk5ZYA5yuYk1bEtMe4DxJ2CF/qsRgmEnDr7MnW1mxylBaHTZ4qErA==",
        "dependencies": {
          "xunit.abstractions": "2.0.3"
        }
      },
      "xunit.extensibility.execution": {
        "type": "Transitive",
        "resolved": "2.9.3",
        "contentHash": "yMb6vMESlSrE3Wfj7V6cjQ3S4TXdXpRqYeNEI3zsX31uTsGMJjEw6oD5F5u1cHnMptjhEECnmZSsPxB6ChZHDQ==",
        "dependencies": {
          "xunit.extensibility.core": "[2.9.3]"
        }
      },
      "Xunit.SkippableFact": {
        "type": "Transitive",
        "resolved": "1.4.13",
        "contentHash": "IyzZNvJEtXGlXrzxDiSbtH5Lyxf4iJdRQADuyjGdDf00LjXRLJwIoezQNFhFGKTMtvk8IIgaSHxW4mAV4O7b8A==",
        "dependencies": {
          "Validation": "2.4.18",
          "xunit.extensibility.execution": "2.4.0"
        }
      },
      "xunit.abstractions": {
        "type": "CentralTransitive",
        "requested": "[2.0.3, )",
        "resolved": "2.0.3",
        "contentHash": "pot1I4YOxlWjIb5jmwvvQNbTrZ3lJQ+jUGkGjWE3hEFM0l5gOnBWS+H3qsex68s5cO52g+44vpGzhAt+42vwKg=="
      }
    }
  }
}