{
  "version": 2,
  "dependencies": {
    "net8.0": {
      "Dynamitey": {
        "type": "Direct",
        "requested": "[3.0.3, )",
        "resolved": "3.0.3",
        "contentHash": "ocF4rRKgnmBkblk8RrgRP9YxxeJBvoaoCNLXgmUMgQCjZRw2v6Rtqxt5Kni6/TtbvICeWVN9X/69G5jltUEnbQ==",
        "dependencies": {
          "Microsoft.CSharp": "4.7.0",
          "System.ComponentModel": "4.3.0"
        }
      },
      "Microsoft.Extensions.Configuration": {
        "type": "Direct",
        "requested": "[10.0.2, )",
        "resolved": "10.0.2",
        "contentHash": "Lws+o4DFw6p5NquRoYA3d5QVvi49ugNw7TxbW4QGLsL8F1LCCyJqWFy0+RMQ/hzUuS9aKV5NJ/XGAF5N9/RQcQ==",
        "dependencies": {
          "Microsoft.Extensions.Configuration.Abstractions": "10.0.2",
          "Microsoft.Extensions.Primitives": "10.0.2"
        }
      },
      "Microsoft.Extensions.Configuration.Binder": {
        "type": "Direct",
        "requested": "[10.0.2, )",
        "resolved": "10.0.2",
        "contentHash": "/SdW50prUuenglSy7MXU3eVQkOk4/J4fjc+GIhv4NkTmaZOQyTqpVAYi8nRjNtOKHzCy7g5cSlOSgkbT7clLwQ==",
        "dependencies": {
          "Microsoft.Extensions.Configuration": "10.0.2",
          "Microsoft.Extensions.Configuration.Abstractions": "10.0.2"
        }
      },
      "Microsoft.Extensions.Configuration.Json": {
        "type": "Direct",
        "requested": "[10.0.2, )",
        "resolved": "10.0.2",
        "contentHash": "ovjOVr+rNxOT249iezwihlPNMaIJdBC6PMGeMnzhkm5EoKJWFjp3mmvtndfHY6A88X4wulXlidMhmjX8v6V/aw==",
        "dependencies": {
          "Microsoft.Extensions.Configuration": "10.0.2",
          "Microsoft.Extensions.Configuration.Abstractions": "10.0.2",
          "Microsoft.Extensions.Configuration.FileExtensions": "10.0.2",
          "Microsoft.Extensions.FileProviders.Abstractions": "10.0.2",
          "System.Text.Json": "10.0.2"
        }
      },
      "Microsoft.NET.Test.Sdk": {
        "type": "Direct",
        "requested": "[18.0.1, )",
        "resolved": "18.0.1",
        "contentHash": "WNpu6vI2rA0pXY4r7NKxCN16XRWl5uHu6qjuyVLoDo6oYEggIQefrMjkRuibQHm/NslIUNCcKftvoWAN80MSAg==",
        "dependencies": {
          "Microsoft.CodeCoverage": "18.0.1",
          "Microsoft.TestPlatform.TestHost": "18.0.1"
        }
      },
      "Microsoft.Playwright": {
        "type": "Direct",
        "requested": "[1.57.0, )",
        "resolved": "1.57.0",
        "contentHash": "DJXmZ64wwgakSrVZxsFJS8/epLEfac2Xfij66a0xY/ggfKqHIOeWeRaQQ97qxwA3FdyVwU1nWjAqeZhOZFxYMw==",
        "dependencies": {
          "Microsoft.Bcl.AsyncInterfaces": "6.0.0",
          "System.ComponentModel.Annotations": "5.0.0",
          "System.Text.Json": "6.0.10"
        }
      },
      "Newtonsoft.Json": {
        "type": "Direct",
        "requested": "[13.0.4, )",
        "resolved": "13.0.4",
        "contentHash": "pdgNNMai3zv51W5aq268sujXUyx7SNdE2bj1wZcWjAQrKMFZV260lbqYop1d2GM67JI1huLRwxo9ZqnfF/lC6A=="
      },
      "Reqnroll": {
        "type": "Direct",
        "requested": "[3.2.0, )",
        "resolved": "3.2.0",
        "contentHash": "DpNsTy68QmFMmYNEqAUurP7R/o8MynhS+dEQizd2lv7VoyVXSu1S2ewprGwCzo2zv4rjjN9zd4bpR6FHx6SXlg==",
        "dependencies": {
          "Cucumber.CucumberExpressions": "17.1.0",
          "Cucumber.HtmlFormatter": "21.15.1",
          "Cucumber.Messages": "29.0.1",
          "Gherkin": "35.0.0",
          "Microsoft.Bcl.AsyncInterfaces": "9.0.6",
          "Microsoft.Extensions.DependencyModel": "8.0.2",
          "System.Text.Json": "8.0.5",
          "System.Threading.Channels": "9.0.6"
        }
      },
      "Reqnroll.xUnit": {
        "type": "Direct",
        "requested": "[3.2.0, )",
        "resolved": "3.2.0",
        "contentHash": "dKG12TdWSgX3QkaDQ5W/LjF/wEVKFzLjpl99cxz6dRwkdwLllomi+G33HufwyxzfTMsHimSMU/TSJKlekxL2Ug==",
        "dependencies": {
          "Reqnroll": "[3.2.0]",
          "Reqnroll.Tools.MsBuild.Generation": "[3.2.0]",
          "Xunit.SkippableFact": "1.4.13",
          "xunit.core": "2.8.1"
        }
      },
      "xunit": {
        "type": "Direct",
        "requested": "[2.9.3, )",
        "resolved": "2.9.3",
        "contentHash": "TlXQBinK35LpOPKHAqbLY4xlEen9TBafjs0V5KnA4wZsoQLQJiirCR4CbIXvOH8NzkW4YeJKP5P/Bnrodm0h9Q==",
        "dependencies": {
          "xunit.analyzers": "1.18.0",
          "xunit.assert": "2.9.3",
          "xunit.core": "[2.9.3]"
        }
      },
      "xunit.assert": {
        "type": "Direct",
        "requested": "[2.9.3, )",
        "resolved": "2.9.3",
        "contentHash": "/Kq28fCE7MjOV42YLVRAJzRF0WmEqsmflm0cfpMjGtzQ2lR5mYVj1/i0Y8uDAOLczkL3/jArrwehfMD0YogMAA=="
      },
      "xunit.runner.visualstudio": {
        "type": "Direct",
        "requested": "[3.1.5, )",
        "resolved": "3.1.5",
        "contentHash": "tKi7dSTwP4m5m9eXPM2Ime4Kn7xNf4x4zT9sdLO/G4hZVnQCRiMTWoSZqI/pYTVeI27oPPqHBKYI/DjJ9GsYgA=="
      },
      "Cucumber.CucumberExpressions": {
        "type": "Transitive",
        "resolved": "17.1.0",
        "contentHash": "IZFDLLwrUCKuGDXQzmAWZa+kQFpVmVwWD8wEl0UWGOR83UQfzqg8hZeSSNUOXlW0Kh3vMO6kEm3FpNC4amKMaw=="
      },
      "Cucumber.HtmlFormatter": {
        "type": "Transitive",
        "resolved": "21.15.1",
        "contentHash": "At28t7VZsS8ccscrD0zjUpp02QeRz2MrBLvpSzO4eL6OD76HoPdCSN4aNyg3q5RD+t21uYpIQq0N2XR6J0MB0A==",
        "dependencies": {
          "Cucumber.Messages": "29.0.1"
        }
      },
      "Cucumber.Messages": {
        "type": "Transitive",
        "resolved": "29.0.1",
        "contentHash": "R2oo/wR3mXrbdK04Yraf+KhB01f/lyBkLQZcdxYt9XKE6tV+Af45MEk+jfbsew1SVvrAO0WvkIRwGYUozKCJvQ=="
      },
      "Gherkin": {
        "type": "Transitive",
        "resolved": "35.0.0",
        "contentHash": "ha+QNevQsXEESbzazUceHTCtKOjoBTBa8kLFdKpu6vSEbb3UMt3a55RG78tIoU/C4qzIqX3jQxaIdIcYGO+IWQ==",
        "dependencies": {
          "Cucumber.Messages": "29.0.1"
        }
      },
      "Microsoft.Bcl.AsyncInterfaces": {
        "type": "Transitive",
        "resolved": "9.0.6",
        "contentHash": "82rLw487j5jBXEi2r3WvA/cagOhcRREVRtet6izzjDMY+i392W5oNSN2KCtuIvlTpyMONEUD0MIlGAgDdsvQ/w=="
      },
      "Microsoft.CodeCoverage": {
        "type": "Transitive",
        "resolved": "18.0.1",
        "contentHash": "O+utSr97NAJowIQT/OVp3Lh9QgW/wALVTP4RG1m2AfFP4IyJmJz0ZBmFJUsRQiAPgq6IRC0t8AAzsiPIsaUDEA=="
      },
      "Microsoft.CSharp": {
        "type": "Transitive",
        "resolved": "4.7.0",
        "contentHash": "pTj+D3uJWyN3My70i2Hqo+OXixq3Os2D1nJ2x92FFo6sk8fYS1m1WLNTs0Dc1uPaViH0YvEEwvzddQ7y4rhXmA=="
      },
      "Microsoft.Extensions.Configuration.Abstractions": {
        "type": "Transitive",
        "resolved": "10.0.2",
        "contentHash": "KC5PslaTDnTuTvyke0KYAVBYdZ7IVTsU3JhHe69BpEbHLcj1YThP3bIGtZNOkZfast2AuLnul5lk4rZKxAdUGQ==",
        "dependencies": {
          "Microsoft.Extensions.Primitives": "10.0.2"
        }
      },
      "Microsoft.Extensions.Configuration.FileExtensions": {
        "type": "Transitive",
        "resolved": "10.0.2",
        "contentHash": "6vStNVa/7hcT6VrYvVMGCWUl/QIKwNeQaSGnKw1E4RPpZbQbOjDsATCbrQUa0sFUs7LW8T9aZ2NBKttMz1+WuA==",
        "dependencies": {
          "Microsoft.Extensions.Configuration": "10.0.2",
          "Microsoft.Extensions.Configuration.Abstractions": "10.0.2",
          "Microsoft.Extensions.FileProviders.Abstractions": "10.0.2",
          "Microsoft.Extensions.FileProviders.Physical": "10.0.2",
          "Microsoft.Extensions.Primitives": "10.0.2"
        }
      },
      "Microsoft.Extensions.DependencyModel": {
        "type": "Transitive",
        "resolved": "8.0.2",
        "contentHash": "mUBDZZRgZrSyFOsJ2qJJ9fXfqd/kXJwf3AiDoqLD9m6TjY5OO/vLNOb9fb4juC0487eq4hcGN/M2Rh/CKS7QYw=="
      },
      "Microsoft.Extensions.FileProviders.Abstractions": {
        "type": "Transitive",
        "resolved": "10.0.2",
        "contentHash": "+r/eJ+slW/EmwWmH3En4gzRg1k6+yTqexoHBrMuz5fxsIKJA8MDiSGepjw/ko3XyNqg+w3dxQe+huoVXs5XDJw==",
        "dependencies": {
          "Microsoft.Extensions.Primitives": "10.0.2"
        }
      },
      "Microsoft.Extensions.FileProviders.Physical": {
        "type": "Transitive",
        "resolved": "10.0.2",
        "contentHash": "4+ypApaugtHIz5Q2Z3oC4+erDbOgy0HrMFYS3Nm3qmTXyqK7sU7LJWY9gci99Wcx6j7ivgk8kdCkgmvsA4t0Ow==",
        "dependencies": {
          "Microsoft.Extensions.FileProviders.Abstractions": "10.0.2",
          "Microsoft.Extensions.FileSystemGlobbing": "10.0.2",
          "Microsoft.Extensions.Primitives": "10.0.2"
        }
      },
      "Microsoft.Extensions.FileSystemGlobbing": {
        "type": "Transitive",
        "resolved": "10.0.2",
        "contentHash": "XozoMaWcFIv1tv0LDF+YMeZYjiNiNIewpNdZ3TEoVGf8ROrp0hVoEdUyUBsI8oYGM5U3Z5hiNEv0j2Z5COnMgg=="
      },
      "Microsoft.Extensions.Primitives": {
        "type": "Transitive",
        "resolved": "10.0.2",
        "contentHash": "QmSiO+oLBEooGgB3i0GRXyeYRDHjllqt3k365jwfZlYWhvSHA3UL2NEVV5m8aZa041eIlblo6KMI5txvTMpTwA=="
      },
      "Microsoft.NETCore.Platforms": {
        "type": "Transitive",
        "resolved": "1.1.0",
        "contentHash": "kz0PEW2lhqygehI/d6XsPCQzD7ff7gUJaVGPVETX611eadGsA3A877GdSlU0LRVMCTH/+P3o2iDTak+S08V2+A=="
      },
      "Microsoft.NETCore.Targets": {
        "type": "Transitive",
        "resolved": "1.1.0",
        "contentHash": "aOZA3BWfz9RXjpzt0sRJJMjAscAUm3Hoa4UWAfceV9UTYxgwZ1lZt5nO2myFf+/jetYQo4uTP7zS8sJY67BBxg=="
      },
      "Microsoft.TestPlatform.ObjectModel": {
        "type": "Transitive",
        "resolved": "18.0.1",
        "contentHash": "qT/mwMcLF9BieRkzOBPL2qCopl8hQu6A1P7JWAoj/FMu5i9vds/7cjbJ/LLtaiwWevWLAeD5v5wjQJ/l6jvhWQ==",
        "dependencies": {
          "System.Reflection.Metadata": "8.0.0"
        }
      },
      "Microsoft.TestPlatform.TestHost": {
        "type": "Transitive",
        "resolved": "18.0.1",
        "contentHash": "uDJKAEjFTaa2wHdWlfo6ektyoh+WD4/Eesrwb4FpBFKsLGehhACVnwwTI4qD3FrIlIEPlxdXg3SyrYRIcO+RRQ==",
        "dependencies": {
          "Microsoft.TestPlatform.ObjectModel": "18.0.1",
          "Newtonsoft.Json": "13.0.3"
        }
      },
      "Reqnroll.Tools.MsBuild.Generation": {
        "type": "Transitive",
        "resolved": "3.2.0",
        "contentHash": "QF4d1k2Lq0j8fBks+Tgt3IXYuTG7+RT4SM5vhbpMdsBf8nPfmPpaSifgke9qtExVsqCnAKfNo4bC2V1S0e4Mlg=="
      },
      "System.Collections.Immutable": {
        "type": "Transitive",
        "resolved": "8.0.0",
        "contentHash": "AurL6Y5BA1WotzlEvVaIDpqzpIPvYnnldxru8oXJU2yFxFUy3+pNXjXd1ymO+RA0rq0+590Q8gaz2l3Sr7fmqg=="
      },
      "System.ComponentModel": {
        "type": "Transitive",
        "resolved": "4.3.0",
        "contentHash": "VyGn1jGRZVfxnh8EdvDCi71v3bMXrsu8aYJOwoV7SNDLVhiEqwP86pPMyRGsDsxhXAm2b3o9OIqeETfN5qfezw==",
        "dependencies": {
          "System.Runtime": "4.3.0"
        }
      },
      "System.ComponentModel.Annotations": {
        "type": "Transitive",
        "resolved": "5.0.0",
        "contentHash": "dMkqfy2el8A8/I76n2Hi1oBFEbG1SfxD2l5nhwXV3XjlnOmwxJlQbYpJH4W51odnU9sARCSAgv7S3CyAFMkpYg=="
      },
      "System.IO.Pipelines": {
        "type": "Transitive",
        "resolved": "10.0.2",
        "contentHash": "EqMsn9r18ABvTDxrDce4OWDhBE3y+rR23ilG7Y3BudDKrDKrLG/hkD/JmeFZbctAPxSkCjyJ/Ddwbn/g7ufRJA=="
      },
      "System.Reflection.Metadata": {
        "type": "Transitive",
        "resolved": "8.0.0",
        "contentHash": "ptvgrFh7PvWI8bcVqG5rsA/weWM09EnthFHR5SCnS6IN+P4mj6rE1lBDC4U8HL9/57htKAqy4KQ3bBj84cfYyQ==",
        "dependencies": {
          "System.Collections.Immutable": "8.0.0"
        }
      },
      "System.Runtime": {
        "type": "Transitive",
        "resolved": "4.3.0",
        "contentHash": "JufQi0vPQ0xGnAczR13AUFglDyVYt4Kqnz1AZaiKZ5+GICq0/1MH/mO/eAJHt/mHW1zjKBJd7kV26SrxddAhiw==",
        "dependencies": {
          "Microsoft.NETCore.Platforms": "1.1.0",
          "Microsoft.NETCore.Targets": "1.1.0"
        }
      },
      "System.Text.Encodings.Web": {
        "type": "Transitive",
        "resolved": "10.0.2",
        "contentHash": "Ro4cLT4qpRy64crfLAy3ekihtXckeXrD5eI6qb6NDSEVyHcHsmH7KgN4dbnIuiBmXIoaCslx4SynLYxag1SLSQ=="
      },
      "System.Text.Json": {
        "type": "Transitive",
        "resolved": "10.0.2",
        "contentHash": "zy8ey7I16G9neZ6uzxrnYwS7pidElzN8XarsBjGu7lE2m7afTKMEe18KbY3ZSmh/z/bR40oxjd6hlUcmOEaMHw==",
        "dependencies": {
          "System.IO.Pipelines": "10.0.2",
          "System.Text.Encodings.Web": "10.0.2"
        }
      },
      "System.Threading.Channels": {
        "type": "Transitive",
        "resolved": "9.0.6",
        "contentHash": "2MaNJVkG2yJiXQbZrrcYoJ55ehV+aX0zqR6rWJkO/Qj7jTsArWthrQ7iWywUf/sE5ylJWX/iLH2kKfwSRdkWsA=="
      },
      "Validation": {
        "type": "Transitive",
        "resolved": "2.4.18",
        "contentHash": "NfvWJ1QeuZ1FQCkqgXTu1cOkRkbNCfxs4Tat+abXLwom6OXbULVhRGp34BTvVB4XPxj6VIAl7KfLfStXMt/Ehw=="
      },
      "xunit.analyzers": {
        "type": "Transitive",
        "resolved": "1.18.0",
        "contentHash": "OtFMHN8yqIcYP9wcVIgJrq01AfTxijjAqVDy/WeQVSyrDC1RzBWeQPztL49DN2syXRah8TYnfvk035s7L95EZQ=="
      },
      "xunit.core": {
        "type": "Transitive",
        "resolved": "2.9.3",
        "contentHash": "BiAEvqGvyme19wE0wTKdADH+NloYqikiU0mcnmiNyXaF9HyHmE6sr/3DC5vnBkgsWaE6yPyWszKSPSApWdRVeQ==",
        "dependencies": {
          "xunit.extensibility.core": "[2.9.3]",
          "xunit.extensibility.execution": "[2.9.3]"
        }
      },
      "xunit.extensibility.core": {
        "type": "Transitive",
        "resolved": "2.9.3",
        "contentHash": "kf3si0YTn2a8J8eZNb+zFpwfoyvIrQ7ivNk5ZYA5yuYk1bEtMe4DxJ2CF/qsRgmEnDr7MnW1mxylBaHTZ4qErA==",
        "dependencies": {
          "xunit.abstractions": "2.0.3"
        }
      },
      "xunit.extensibility.execution": {
        "type": "Transitive",
        "resolved": "2.9.3",
        "contentHash": "yMb6vMESlSrE3Wfj7V6cjQ3S4TXdXpRqYeNEI3zsX31uTsGMJjEw6oD5F5u1cHnMptjhEECnmZSsPxB6ChZHDQ==",
        "dependencies": {
          "xunit.extensibility.core": "[2.9.3]"
        }
      },
      "Xunit.SkippableFact": {
        "type": "Transitive",
        "resolved": "1.4.13",
        "contentHash": "IyzZNvJEtXGlXrzxDiSbtH5Lyxf4iJdRQADuyjGdDf00LjXRLJwIoezQNFhFGKTMtvk8IIgaSHxW4mAV4O7b8A==",
        "dependencies": {
          "Validation": "2.4.18",
          "xunit.extensibility.execution": "2.4.0"
        }
      },
      "xunit.abstractions": {
        "type": "CentralTransitive",
        "requested": "[2.0.3, )",
        "resolved": "2.0.3",
        "contentHash": "pot1I4YOxlWjIb5jmwvvQNbTrZ3lJQ+jUGkGjWE3hEFM0l5gOnBWS+H3qsex68s5cO52g+44vpGzhAt+42vwKg=="
      }
    }
  }
}